// !$*UTF8*$!
{
	archiveVersion = 1;
	classes = {
	};
	objectVersion = 51;
	objects = {

/* Begin PBXBuildFile section */
		376DC0555C83B622ACE7DAFA /* Pods_29thAssignment.framework in Frameworks */ = {isa = PBXBuildFile; fileRef = 3D720230BF6B9E3C4BA8627E /* Pods_29thAssignment.framework */; };
		BD1182F82725AF60002B0BFF /* UITableView+Extension.swift in Sources */ = {isa = PBXBuildFile; fileRef = BD1182F72725AF60002B0BFF /* UITableView+Extension.swift */; };
		BD5658DF2733F7BB00EE57DD /* FeedCollectionViewCell.swift in Sources */ = {isa = PBXBuildFile; fileRef = BD5658DD2733F7BB00EE57DD /* FeedCollectionViewCell.swift */; };
		BD5658E02733F7BB00EE57DD /* FeedCollectionViewCell.xib in Resources */ = {isa = PBXBuildFile; fileRef = BD5658DE2733F7BB00EE57DD /* FeedCollectionViewCell.xib */; };
		BD5658E22733FE9F00EE57DD /* Channel.swift in Sources */ = {isa = PBXBuildFile; fileRef = BD5658E12733FE9F00EE57DD /* Channel.swift */; };
		BD5658E42733FEE900EE57DD /* Feed.swift in Sources */ = {isa = PBXBuildFile; fileRef = BD5658E32733FEE900EE57DD /* Feed.swift */; };
		BD60EE76271C818A0051AF67 /* UIScreen+Extension.swift in Sources */ = {isa = PBXBuildFile; fileRef = BD60EE75271C818A0051AF67 /* UIScreen+Extension.swift */; };
		BD683640271DC82A00C24BB6 /* BaseTabBarController.swift in Sources */ = {isa = PBXBuildFile; fileRef = BD68363F271DC82A00C24BB6 /* BaseTabBarController.swift */; };
		BD683642271DC83800C24BB6 /* HomeViewController.swift in Sources */ = {isa = PBXBuildFile; fileRef = BD683641271DC83800C24BB6 /* HomeViewController.swift */; };
		BD683644271DC83E00C24BB6 /* ShortsViewController.swift in Sources */ = {isa = PBXBuildFile; fileRef = BD683643271DC83E00C24BB6 /* ShortsViewController.swift */; };
		BD683646271DC84500C24BB6 /* PlusViewController.swift in Sources */ = {isa = PBXBuildFile; fileRef = BD683645271DC84500C24BB6 /* PlusViewController.swift */; };
		BD683648271DC84F00C24BB6 /* SubscriptionViewController.swift in Sources */ = {isa = PBXBuildFile; fileRef = BD683647271DC84F00C24BB6 /* SubscriptionViewController.swift */; };
		BD68364A271DC85700C24BB6 /* LibraryViewController.swift in Sources */ = {isa = PBXBuildFile; fileRef = BD683649271DC85700C24BB6 /* LibraryViewController.swift */; };
		BD68364D271DC88700C24BB6 /* Const.swift in Sources */ = {isa = PBXBuildFile; fileRef = BD68364C271DC88700C24BB6 /* Const.swift */; };
		BD722C8D271079AB00B9CC56 /* String+Extension.swift in Sources */ = {isa = PBXBuildFile; fileRef = BD722C8C271079AB00B9CC56 /* String+Extension.swift */; };
		BD722C9127107C0F00B9CC56 /* CommonTextField.swift in Sources */ = {isa = PBXBuildFile; fileRef = BD722C9027107C0F00B9CC56 /* CommonTextField.swift */; };
		BD722C932710819200B9CC56 /* UITextField+Extension.swift in Sources */ = {isa = PBXBuildFile; fileRef = BD722C922710819200B9CC56 /* UITextField+Extension.swift */; };
		BD747CD527114979007B5274 /* CommonAuthView.swift in Sources */ = {isa = PBXBuildFile; fileRef = BD747CD427114979007B5274 /* CommonAuthView.swift */; };
		BD8C2F4F272640F000AB9342 /* UICollectionView+Extension.swift in Sources */ = {isa = PBXBuildFile; fileRef = BD8C2F4E272640F000AB9342 /* UICollectionView+Extension.swift */; };
		BD8C2F522726422F00AB9342 /* ChannelCollectionViewCell.swift in Sources */ = {isa = PBXBuildFile; fileRef = BD8C2F502726422F00AB9342 /* ChannelCollectionViewCell.swift */; };
		BD8C2F532726422F00AB9342 /* ChannelCollectionViewCell.xib in Resources */ = {isa = PBXBuildFile; fileRef = BD8C2F512726422F00AB9342 /* ChannelCollectionViewCell.xib */; };
		BDBD591D2709E6BC00AC85BF /* AppDelegate.swift in Sources */ = {isa = PBXBuildFile; fileRef = BDBD591C2709E6BC00AC85BF /* AppDelegate.swift */; };
		BDBD591F2709E6BC00AC85BF /* SceneDelegate.swift in Sources */ = {isa = PBXBuildFile; fileRef = BDBD591E2709E6BC00AC85BF /* SceneDelegate.swift */; };
		BDBD59262709E6BD00AC85BF /* Assets.xcassets in Resources */ = {isa = PBXBuildFile; fileRef = BDBD59252709E6BD00AC85BF /* Assets.xcassets */; };
		BDBD59292709E6BD00AC85BF /* LaunchScreen.storyboard in Resources */ = {isa = PBXBuildFile; fileRef = BDBD59272709E6BD00AC85BF /* LaunchScreen.storyboard */; };
		BDBD593D2709E8B000AC85BF /* TempService.swift in Sources */ = {isa = PBXBuildFile; fileRef = BDBD593C2709E8B000AC85BF /* TempService.swift */; };
		BDBD59412709E9A400AC85BF /* UIView+Extension.swift in Sources */ = {isa = PBXBuildFile; fileRef = BDBD59402709E9A400AC85BF /* UIView+Extension.swift */; };
		BDBD59482709EE1F00AC85BF /* GoogleSignUpViewController.swift in Sources */ = {isa = PBXBuildFile; fileRef = BDBD59472709EE1F00AC85BF /* GoogleSignUpViewController.swift */; };
		BDBD594A2709EE2800AC85BF /* GoogleSignInViewController.swift in Sources */ = {isa = PBXBuildFile; fileRef = BDBD59492709EE2800AC85BF /* GoogleSignInViewController.swift */; };
		BDBD594C2709EE3300AC85BF /* GoogleConfirmViewController.swift in Sources */ = {isa = PBXBuildFile; fileRef = BDBD594B2709EE3300AC85BF /* GoogleConfirmViewController.swift */; };
		BDBD5955270AB68A00AC85BF /* UIStackView+Extension.swift in Sources */ = {isa = PBXBuildFile; fileRef = BDBD5954270AB68A00AC85BF /* UIStackView+Extension.swift */; };
		BDCB59222730EDBF00EEDDF9 /* CategoryCollectionViewCell.swift in Sources */ = {isa = PBXBuildFile; fileRef = BDCB59212730EDBF00EEDDF9 /* CategoryCollectionViewCell.swift */; };
		BDCB59242730EDC500EEDDF9 /* CategoryCollectionViewCell.xib in Resources */ = {isa = PBXBuildFile; fileRef = BDCB59232730EDC500EEDDF9 /* CategoryCollectionViewCell.xib */; };
		BDCB592A2730EEAF00EEDDF9 /* UITableViewCell+Extension.swift in Sources */ = {isa = PBXBuildFile; fileRef = BDCB59292730EEAF00EEDDF9 /* UITableViewCell+Extension.swift */; };
		BDCB592C2730F01E00EEDDF9 /* UICollectionViewCell+Extension.swift in Sources */ = {isa = PBXBuildFile; fileRef = BDCB592B2730F01E00EEDDF9 /* UICollectionViewCell+Extension.swift */; };
		BDE4BBDC2725AC2C00E02B38 /* Reusable+NibLoadable.swift in Sources */ = {isa = PBXBuildFile; fileRef = BDE4BBDB2725AC2C00E02B38 /* Reusable+NibLoadable.swift */; };
		BDF3E86E27204AB9000BFA1C /* Font.swift in Sources */ = {isa = PBXBuildFile; fileRef = BDF3E86D27204AB9000BFA1C /* Font.swift */; };
		BDF3E87327204B57000BFA1C /* SF-Pro-Display-Regular.otf in Resources */ = {isa = PBXBuildFile; fileRef = BDF3E87027204B56000BFA1C /* SF-Pro-Display-Regular.otf */; };
		BDF3E87427204B57000BFA1C /* SF-Pro-Display-Medium.otf in Resources */ = {isa = PBXBuildFile; fileRef = BDF3E87127204B56000BFA1C /* SF-Pro-Display-Medium.otf */; };
		BDF3E87527204B57000BFA1C /* SF-Pro-Display-Semibold.otf in Resources */ = {isa = PBXBuildFile; fileRef = BDF3E87227204B56000BFA1C /* SF-Pro-Display-Semibold.otf */; };
		BDFBB3282715661A00271907 /* UIButton+Extension.swift in Sources */ = {isa = PBXBuildFile; fileRef = BDFBB3272715661A00271907 /* UIButton+Extension.swift */; };
		BDFBB32A2715731000271907 /* PaddingLabel.swift in Sources */ = {isa = PBXBuildFile; fileRef = BDFBB3292715731000271907 /* PaddingLabel.swift */; };
		BDFBB32C271573BC00271907 /* BaeminStyleTextField.swift in Sources */ = {isa = PBXBuildFile; fileRef = BDFBB32B271573BC00271907 /* BaeminStyleTextField.swift */; };
		BDFBB32F271573E700271907 /* TextFieldGenerator.swift in Sources */ = {isa = PBXBuildFile; fileRef = BDFBB32E271573E700271907 /* TextFieldGenerator.swift */; };
		BDFBB36B2715EB0D00271907 /* GoogleService-Info.plist in Resources */ = {isa = PBXBuildFile; fileRef = BDFBB36A2715EB0D00271907 /* GoogleService-Info.plist */; };
/* End PBXBuildFile section */

/* Begin PBXFileReference section */
		3D720230BF6B9E3C4BA8627E /* Pods_29thAssignment.framework */ = {isa = PBXFileReference; explicitFileType = wrapper.framework; includeInIndex = 0; path = Pods_29thAssignment.framework; sourceTree = BUILT_PRODUCTS_DIR; };
		54BA1FA15543D69D3BC17F27 /* Pods-29thAssignment.debug.xcconfig */ = {isa = PBXFileReference; includeInIndex = 1; lastKnownFileType = text.xcconfig; name = "Pods-29thAssignment.debug.xcconfig"; path = "Target Support Files/Pods-29thAssignment/Pods-29thAssignment.debug.xcconfig"; sourceTree = "<group>"; };
		60AD10953D1F44D454BF7786 /* Pods-29thAssignment.release.xcconfig */ = {isa = PBXFileReference; includeInIndex = 1; lastKnownFileType = text.xcconfig; name = "Pods-29thAssignment.release.xcconfig"; path = "Target Support Files/Pods-29thAssignment/Pods-29thAssignment.release.xcconfig"; sourceTree = "<group>"; };
		BD1182F72725AF60002B0BFF /* UITableView+Extension.swift */ = {isa = PBXFileReference; lastKnownFileType = sourcecode.swift; path = "UITableView+Extension.swift"; sourceTree = "<group>"; };
		BD5658DD2733F7BB00EE57DD /* FeedCollectionViewCell.swift */ = {isa = PBXFileReference; lastKnownFileType = sourcecode.swift; path = FeedCollectionViewCell.swift; sourceTree = "<group>"; };
		BD5658DE2733F7BB00EE57DD /* FeedCollectionViewCell.xib */ = {isa = PBXFileReference; lastKnownFileType = file.xib; path = FeedCollectionViewCell.xib; sourceTree = "<group>"; };
		BD5658E12733FE9F00EE57DD /* Channel.swift */ = {isa = PBXFileReference; lastKnownFileType = sourcecode.swift; path = Channel.swift; sourceTree = "<group>"; };
		BD5658E32733FEE900EE57DD /* Feed.swift */ = {isa = PBXFileReference; lastKnownFileType = sourcecode.swift; path = Feed.swift; sourceTree = "<group>"; };
		BD60EE75271C818A0051AF67 /* UIScreen+Extension.swift */ = {isa = PBXFileReference; lastKnownFileType = sourcecode.swift; path = "UIScreen+Extension.swift"; sourceTree = "<group>"; };
		BD68363F271DC82A00C24BB6 /* BaseTabBarController.swift */ = {isa = PBXFileReference; lastKnownFileType = sourcecode.swift; path = BaseTabBarController.swift; sourceTree = "<group>"; };
		BD683641271DC83800C24BB6 /* HomeViewController.swift */ = {isa = PBXFileReference; lastKnownFileType = sourcecode.swift; path = HomeViewController.swift; sourceTree = "<group>"; };
		BD683643271DC83E00C24BB6 /* ShortsViewController.swift */ = {isa = PBXFileReference; lastKnownFileType = sourcecode.swift; path = ShortsViewController.swift; sourceTree = "<group>"; };
		BD683645271DC84500C24BB6 /* PlusViewController.swift */ = {isa = PBXFileReference; lastKnownFileType = sourcecode.swift; path = PlusViewController.swift; sourceTree = "<group>"; };
		BD683647271DC84F00C24BB6 /* SubscriptionViewController.swift */ = {isa = PBXFileReference; lastKnownFileType = sourcecode.swift; path = SubscriptionViewController.swift; sourceTree = "<group>"; };
		BD683649271DC85700C24BB6 /* LibraryViewController.swift */ = {isa = PBXFileReference; lastKnownFileType = sourcecode.swift; path = LibraryViewController.swift; sourceTree = "<group>"; };
		BD68364C271DC88700C24BB6 /* Const.swift */ = {isa = PBXFileReference; lastKnownFileType = sourcecode.swift; path = Const.swift; sourceTree = "<group>"; };
		BD722C8C271079AB00B9CC56 /* String+Extension.swift */ = {isa = PBXFileReference; lastKnownFileType = sourcecode.swift; path = "String+Extension.swift"; sourceTree = "<group>"; };
		BD722C9027107C0F00B9CC56 /* CommonTextField.swift */ = {isa = PBXFileReference; lastKnownFileType = sourcecode.swift; path = CommonTextField.swift; sourceTree = "<group>"; };
		BD722C922710819200B9CC56 /* UITextField+Extension.swift */ = {isa = PBXFileReference; lastKnownFileType = sourcecode.swift; path = "UITextField+Extension.swift"; sourceTree = "<group>"; };
		BD747CD427114979007B5274 /* CommonAuthView.swift */ = {isa = PBXFileReference; lastKnownFileType = sourcecode.swift; path = CommonAuthView.swift; sourceTree = "<group>"; };
		BD8C2F4E272640F000AB9342 /* UICollectionView+Extension.swift */ = {isa = PBXFileReference; lastKnownFileType = sourcecode.swift; path = "UICollectionView+Extension.swift"; sourceTree = "<group>"; };
		BD8C2F502726422F00AB9342 /* ChannelCollectionViewCell.swift */ = {isa = PBXFileReference; lastKnownFileType = sourcecode.swift; path = ChannelCollectionViewCell.swift; sourceTree = "<group>"; };
		BD8C2F512726422F00AB9342 /* ChannelCollectionViewCell.xib */ = {isa = PBXFileReference; lastKnownFileType = file.xib; path = ChannelCollectionViewCell.xib; sourceTree = "<group>"; };
		BDBD59192709E6BC00AC85BF /* 29thAssignment.app */ = {isa = PBXFileReference; explicitFileType = wrapper.application; includeInIndex = 0; path = 29thAssignment.app; sourceTree = BUILT_PRODUCTS_DIR; };
		BDBD591C2709E6BC00AC85BF /* AppDelegate.swift */ = {isa = PBXFileReference; lastKnownFileType = sourcecode.swift; path = AppDelegate.swift; sourceTree = "<group>"; };
		BDBD591E2709E6BC00AC85BF /* SceneDelegate.swift */ = {isa = PBXFileReference; lastKnownFileType = sourcecode.swift; path = SceneDelegate.swift; sourceTree = "<group>"; };
		BDBD59252709E6BD00AC85BF /* Assets.xcassets */ = {isa = PBXFileReference; lastKnownFileType = folder.assetcatalog; path = Assets.xcassets; sourceTree = "<group>"; };
		BDBD59282709E6BD00AC85BF /* Base */ = {isa = PBXFileReference; lastKnownFileType = file.storyboard; name = Base; path = Base.lproj/LaunchScreen.storyboard; sourceTree = "<group>"; };
		BDBD592A2709E6BD00AC85BF /* Info.plist */ = {isa = PBXFileReference; lastKnownFileType = text.plist.xml; path = Info.plist; sourceTree = "<group>"; };
		BDBD593C2709E8B000AC85BF /* TempService.swift */ = {isa = PBXFileReference; lastKnownFileType = sourcecode.swift; path = TempService.swift; sourceTree = "<group>"; };
		BDBD59402709E9A400AC85BF /* UIView+Extension.swift */ = {isa = PBXFileReference; lastKnownFileType = sourcecode.swift; path = "UIView+Extension.swift"; sourceTree = "<group>"; };
		BDBD59472709EE1F00AC85BF /* GoogleSignUpViewController.swift */ = {isa = PBXFileReference; lastKnownFileType = sourcecode.swift; path = GoogleSignUpViewController.swift; sourceTree = "<group>"; };
		BDBD59492709EE2800AC85BF /* GoogleSignInViewController.swift */ = {isa = PBXFileReference; lastKnownFileType = sourcecode.swift; path = GoogleSignInViewController.swift; sourceTree = "<group>"; };
		BDBD594B2709EE3300AC85BF /* GoogleConfirmViewController.swift */ = {isa = PBXFileReference; lastKnownFileType = sourcecode.swift; path = GoogleConfirmViewController.swift; sourceTree = "<group>"; };
		BDBD5954270AB68A00AC85BF /* UIStackView+Extension.swift */ = {isa = PBXFileReference; lastKnownFileType = sourcecode.swift; path = "UIStackView+Extension.swift"; sourceTree = "<group>"; };
		BDCB59212730EDBF00EEDDF9 /* CategoryCollectionViewCell.swift */ = {isa = PBXFileReference; fileEncoding = 4; lastKnownFileType = sourcecode.swift; path = CategoryCollectionViewCell.swift; sourceTree = "<group>"; };
		BDCB59232730EDC500EEDDF9 /* CategoryCollectionViewCell.xib */ = {isa = PBXFileReference; fileEncoding = 4; lastKnownFileType = file.xib; path = CategoryCollectionViewCell.xib; sourceTree = "<group>"; };
		BDCB59292730EEAF00EEDDF9 /* UITableViewCell+Extension.swift */ = {isa = PBXFileReference; lastKnownFileType = sourcecode.swift; path = "UITableViewCell+Extension.swift"; sourceTree = "<group>"; };
		BDCB592B2730F01E00EEDDF9 /* UICollectionViewCell+Extension.swift */ = {isa = PBXFileReference; lastKnownFileType = sourcecode.swift; path = "UICollectionViewCell+Extension.swift"; sourceTree = "<group>"; };
		BDE4BBDB2725AC2C00E02B38 /* Reusable+NibLoadable.swift */ = {isa = PBXFileReference; lastKnownFileType = sourcecode.swift; path = "Reusable+NibLoadable.swift"; sourceTree = "<group>"; };
		BDF3E86D27204AB9000BFA1C /* Font.swift */ = {isa = PBXFileReference; lastKnownFileType = sourcecode.swift; path = Font.swift; sourceTree = "<group>"; };
		BDF3E87027204B56000BFA1C /* SF-Pro-Display-Regular.otf */ = {isa = PBXFileReference; lastKnownFileType = file; path = "SF-Pro-Display-Regular.otf"; sourceTree = "<group>"; };
		BDF3E87127204B56000BFA1C /* SF-Pro-Display-Medium.otf */ = {isa = PBXFileReference; lastKnownFileType = file; path = "SF-Pro-Display-Medium.otf"; sourceTree = "<group>"; };
		BDF3E87227204B56000BFA1C /* SF-Pro-Display-Semibold.otf */ = {isa = PBXFileReference; lastKnownFileType = file; path = "SF-Pro-Display-Semibold.otf"; sourceTree = "<group>"; };
		BDFBB3272715661A00271907 /* UIButton+Extension.swift */ = {isa = PBXFileReference; lastKnownFileType = sourcecode.swift; path = "UIButton+Extension.swift"; sourceTree = "<group>"; };
		BDFBB3292715731000271907 /* PaddingLabel.swift */ = {isa = PBXFileReference; lastKnownFileType = sourcecode.swift; path = PaddingLabel.swift; sourceTree = "<group>"; };
		BDFBB32B271573BC00271907 /* BaeminStyleTextField.swift */ = {isa = PBXFileReference; lastKnownFileType = sourcecode.swift; path = BaeminStyleTextField.swift; sourceTree = "<group>"; };
		BDFBB32E271573E700271907 /* TextFieldGenerator.swift */ = {isa = PBXFileReference; lastKnownFileType = sourcecode.swift; path = TextFieldGenerator.swift; sourceTree = "<group>"; };
		BDFBB36A2715EB0D00271907 /* GoogleService-Info.plist */ = {isa = PBXFileReference; fileEncoding = 4; lastKnownFileType = text.plist.xml; path = "GoogleService-Info.plist"; sourceTree = "<group>"; };
/* End PBXFileReference section */

/* Begin PBXFrameworksBuildPhase section */
		BDBD59162709E6BC00AC85BF /* Frameworks */ = {
			isa = PBXFrameworksBuildPhase;
			buildActionMask = 2147483647;
			files = (
				376DC0555C83B622ACE7DAFA /* Pods_29thAssignment.framework in Frameworks */,
			);
			runOnlyForDeploymentPostprocessing = 0;
		};
/* End PBXFrameworksBuildPhase section */

/* Begin PBXGroup section */
		BD68363A271DC78A00C24BB6 /* Home */ = {
			isa = PBXGroup;
			children = (
				BD683641271DC83800C24BB6 /* HomeViewController.swift */,
				BD8FB1192725B30900B03D6E /* Cells */,
			);
			path = Home;
			sourceTree = "<group>";
		};
		BD68363B271DC79100C24BB6 /* Library */ = {
			isa = PBXGroup;
			children = (
				BD683649271DC85700C24BB6 /* LibraryViewController.swift */,
			);
			path = Library;
			sourceTree = "<group>";
		};
		BD68363C271DC7A500C24BB6 /* Shorts */ = {
			isa = PBXGroup;
			children = (
				BD683643271DC83E00C24BB6 /* ShortsViewController.swift */,
			);
			path = Shorts;
			sourceTree = "<group>";
		};
		BD68363D271DC7B700C24BB6 /* Plus */ = {
			isa = PBXGroup;
			children = (
				BD683645271DC84500C24BB6 /* PlusViewController.swift */,
			);
			path = Plus;
			sourceTree = "<group>";
		};
		BD68363E271DC7D600C24BB6 /* Subscription */ = {
			isa = PBXGroup;
			children = (
				BD683647271DC84F00C24BB6 /* SubscriptionViewController.swift */,
			);
			path = Subscription;
			sourceTree = "<group>";
		};
		BD68364B271DC87700C24BB6 /* Constants */ = {
			isa = PBXGroup;
			children = (
				BD68364C271DC88700C24BB6 /* Const.swift */,
			);
			path = Constants;
			sourceTree = "<group>";
		};
		BD8FB1192725B30900B03D6E /* Cells */ = {
			isa = PBXGroup;
			children = (
				BD8C2F502726422F00AB9342 /* ChannelCollectionViewCell.swift */,
				BD8C2F512726422F00AB9342 /* ChannelCollectionViewCell.xib */,
				BDCB59212730EDBF00EEDDF9 /* CategoryCollectionViewCell.swift */,
				BDCB59232730EDC500EEDDF9 /* CategoryCollectionViewCell.xib */,
				BD5658DD2733F7BB00EE57DD /* FeedCollectionViewCell.swift */,
				BD5658DE2733F7BB00EE57DD /* FeedCollectionViewCell.xib */,
			);
			path = Cells;
			sourceTree = "<group>";
		};
		BDBD59102709E6BC00AC85BF = {
			isa = PBXGroup;
			children = (
				BDBD591B2709E6BC00AC85BF /* 29thAssignment */,
				BDBD591A2709E6BC00AC85BF /* Products */,
				CA8D98B3B43F145EA7CEFD49 /* Pods */,
				FFA54D0CA4F80170E0447685 /* Frameworks */,
			);
			sourceTree = "<group>";
		};
		BDBD591A2709E6BC00AC85BF /* Products */ = {
			isa = PBXGroup;
			children = (
				BDBD59192709E6BC00AC85BF /* 29thAssignment.app */,
			);
			name = Products;
			sourceTree = "<group>";
		};
		BDBD591B2709E6BC00AC85BF /* 29thAssignment */ = {
			isa = PBXGroup;
			children = (
				BDBD59322709E7A800AC85BF /* App */,
				BDBD59342709E7BF00AC85BF /* Utils */,
				BDBD59332709E7B400AC85BF /* Supporting Files */,
				BDBD59312709E79000AC85BF /* Models */,
				BDBD59372709E7D200AC85BF /* Services */,
				BDBD59302709E78900AC85BF /* Views */,
			);
			path = 29thAssignment;
			sourceTree = "<group>";
		};
		BDBD59302709E78900AC85BF /* Views */ = {
			isa = PBXGroup;
			children = (
				BDBD59272709E6BD00AC85BF /* LaunchScreen.storyboard */,
				BD68363F271DC82A00C24BB6 /* BaseTabBarController.swift */,
				BDBD594D270A0D8600AC85BF /* Common */,
				BDBD59422709EDDE00AC85BF /* Google */,
				BD68363A271DC78A00C24BB6 /* Home */,
				BD68363C271DC7A500C24BB6 /* Shorts */,
				BD68363D271DC7B700C24BB6 /* Plus */,
				BD68363E271DC7D600C24BB6 /* Subscription */,
				BD68363B271DC79100C24BB6 /* Library */,
			);
			path = Views;
			sourceTree = "<group>";
		};
		BDBD59312709E79000AC85BF /* Models */ = {
			isa = PBXGroup;
			children = (
				BD5658E12733FE9F00EE57DD /* Channel.swift */,
				BD5658E32733FEE900EE57DD /* Feed.swift */,
			);
			path = Models;
			sourceTree = "<group>";
		};
		BDBD59322709E7A800AC85BF /* App */ = {
			isa = PBXGroup;
			children = (
				BDBD591C2709E6BC00AC85BF /* AppDelegate.swift */,
				BDBD591E2709E6BC00AC85BF /* SceneDelegate.swift */,
			);
			path = App;
			sourceTree = "<group>";
		};
		BDBD59332709E7B400AC85BF /* Supporting Files */ = {
			isa = PBXGroup;
			children = (
				BDF3E86F27204AC8000BFA1C /* Fonts */,
				BDFBB36A2715EB0D00271907 /* GoogleService-Info.plist */,
				BDBD59252709E6BD00AC85BF /* Assets.xcassets */,
				BDBD592A2709E6BD00AC85BF /* Info.plist */,
			);
			path = "Supporting Files";
			sourceTree = "<group>";
		};
		BDBD59342709E7BF00AC85BF /* Utils */ = {
			isa = PBXGroup;
			children = (
				BDF3E86A27204AA7000BFA1C /* Enums */,
				BD68364B271DC87700C24BB6 /* Constants */,
				BDFBB32D271573DA00271907 /* Protocols */,
				BDBD59352709E7C400AC85BF /* Extensions */,
			);
			path = Utils;
			sourceTree = "<group>";
		};
		BDBD59352709E7C400AC85BF /* Extensions */ = {
			isa = PBXGroup;
			children = (
				BDBD59402709E9A400AC85BF /* UIView+Extension.swift */,
				BDBD5954270AB68A00AC85BF /* UIStackView+Extension.swift */,
				BD722C8C271079AB00B9CC56 /* String+Extension.swift */,
				BD722C922710819200B9CC56 /* UITextField+Extension.swift */,
				BDFBB3272715661A00271907 /* UIButton+Extension.swift */,
				BD60EE75271C818A0051AF67 /* UIScreen+Extension.swift */,
				BD1182F72725AF60002B0BFF /* UITableView+Extension.swift */,
				BD8C2F4E272640F000AB9342 /* UICollectionView+Extension.swift */,
				BDCB59292730EEAF00EEDDF9 /* UITableViewCell+Extension.swift */,
				BDCB592B2730F01E00EEDDF9 /* UICollectionViewCell+Extension.swift */,
			);
			path = Extensions;
			sourceTree = "<group>";
		};
		BDBD59372709E7D200AC85BF /* Services */ = {
			isa = PBXGroup;
			children = (
				BDBD593C2709E8B000AC85BF /* TempService.swift */,
			);
			path = Services;
			sourceTree = "<group>";
		};
		BDBD59422709EDDE00AC85BF /* Google */ = {
			isa = PBXGroup;
			children = (
				BDBD59492709EE2800AC85BF /* GoogleSignInViewController.swift */,
				BDBD59472709EE1F00AC85BF /* GoogleSignUpViewController.swift */,
				BDBD594B2709EE3300AC85BF /* GoogleConfirmViewController.swift */,
			);
			path = Google;
			sourceTree = "<group>";
		};
		BDBD594D270A0D8600AC85BF /* Common */ = {
			isa = PBXGroup;
			children = (
				BD722C9027107C0F00B9CC56 /* CommonTextField.swift */,
				BD747CD427114979007B5274 /* CommonAuthView.swift */,
				BDFBB3292715731000271907 /* PaddingLabel.swift */,
				BDFBB32B271573BC00271907 /* BaeminStyleTextField.swift */,
			);
			path = Common;
			sourceTree = "<group>";
		};
		BDF3E86A27204AA7000BFA1C /* Enums */ = {
			isa = PBXGroup;
			children = (
				BDF3E86D27204AB9000BFA1C /* Font.swift */,
			);
			path = Enums;
			sourceTree = "<group>";
		};
		BDF3E86F27204AC8000BFA1C /* Fonts */ = {
			isa = PBXGroup;
			children = (
				BDF3E87127204B56000BFA1C /* SF-Pro-Display-Medium.otf */,
				BDF3E87027204B56000BFA1C /* SF-Pro-Display-Regular.otf */,
				BDF3E87227204B56000BFA1C /* SF-Pro-Display-Semibold.otf */,
			);
			path = Fonts;
			sourceTree = "<group>";
		};
		BDFBB32D271573DA00271907 /* Protocols */ = {
			isa = PBXGroup;
			children = (
				BDFBB32E271573E700271907 /* TextFieldGenerator.swift */,
				BDE4BBDB2725AC2C00E02B38 /* Reusable+NibLoadable.swift */,
			);
			path = Protocols;
			sourceTree = "<group>";
		};
		CA8D98B3B43F145EA7CEFD49 /* Pods */ = {
			isa = PBXGroup;
			children = (
				54BA1FA15543D69D3BC17F27 /* Pods-29thAssignment.debug.xcconfig */,
				60AD10953D1F44D454BF7786 /* Pods-29thAssignment.release.xcconfig */,
			);
			path = Pods;
			sourceTree = "<group>";
		};
		FFA54D0CA4F80170E0447685 /* Frameworks */ = {
			isa = PBXGroup;
			children = (
				3D720230BF6B9E3C4BA8627E /* Pods_29thAssignment.framework */,
			);
			name = Frameworks;
			sourceTree = "<group>";
		};
/* End PBXGroup section */

/* Begin PBXNativeTarget section */
		BDBD59182709E6BC00AC85BF /* 29thAssignment */ = {
			isa = PBXNativeTarget;
			buildConfigurationList = BDBD592D2709E6BD00AC85BF /* Build configuration list for PBXNativeTarget "29thAssignment" */;
			buildPhases = (
				F42D9C813431B1AF5B3B1B4B /* [CP] Check Pods Manifest.lock */,
				BDBD59152709E6BC00AC85BF /* Sources */,
				BDBD59162709E6BC00AC85BF /* Frameworks */,
				BDBD59172709E6BC00AC85BF /* Resources */,
				9AF42EF6886329B61CC4E9C1 /* [CP] Embed Pods Frameworks */,
			);
			buildRules = (
			);
			dependencies = (
			);
			name = 29thAssignment;
			productName = 29thAssignment;
			productReference = BDBD59192709E6BC00AC85BF /* 29thAssignment.app */;
			productType = "com.apple.product-type.application";
		};
/* End PBXNativeTarget section */

/* Begin PBXProject section */
		BDBD59112709E6BC00AC85BF /* Project object */ = {
			isa = PBXProject;
			attributes = {
				LastSwiftUpdateCheck = 1250;
				LastUpgradeCheck = 1250;
				TargetAttributes = {
					BDBD59182709E6BC00AC85BF = {
						CreatedOnToolsVersion = 12.5;
					};
				};
			};
			buildConfigurationList = BDBD59142709E6BC00AC85BF /* Build configuration list for PBXProject "29thAssignment" */;
			compatibilityVersion = "Xcode 9.3";
			developmentRegion = en;
			hasScannedForEncodings = 0;
			knownRegions = (
				en,
				Base,
			);
			mainGroup = BDBD59102709E6BC00AC85BF;
			productRefGroup = BDBD591A2709E6BC00AC85BF /* Products */;
			projectDirPath = "";
			projectRoot = "";
			targets = (
				BDBD59182709E6BC00AC85BF /* 29thAssignment */,
			);
		};
/* End PBXProject section */

/* Begin PBXResourcesBuildPhase section */
		BDBD59172709E6BC00AC85BF /* Resources */ = {
			isa = PBXResourcesBuildPhase;
			buildActionMask = 2147483647;
			files = (
				BDF3E87527204B57000BFA1C /* SF-Pro-Display-Semibold.otf in Resources */,
				BDBD59292709E6BD00AC85BF /* LaunchScreen.storyboard in Resources */,
				BDBD59262709E6BD00AC85BF /* Assets.xcassets in Resources */,
				BD8C2F532726422F00AB9342 /* ChannelCollectionViewCell.xib in Resources */,
				BDF3E87327204B57000BFA1C /* SF-Pro-Display-Regular.otf in Resources */,
				BDCB59242730EDC500EEDDF9 /* CategoryCollectionViewCell.xib in Resources */,
				BDFBB36B2715EB0D00271907 /* GoogleService-Info.plist in Resources */,
				BDF3E87427204B57000BFA1C /* SF-Pro-Display-Medium.otf in Resources */,
				BD5658E02733F7BB00EE57DD /* FeedCollectionViewCell.xib in Resources */,
			);
			runOnlyForDeploymentPostprocessing = 0;
		};
/* End PBXResourcesBuildPhase section */

/* Begin PBXShellScriptBuildPhase section */
		9AF42EF6886329B61CC4E9C1 /* [CP] Embed Pods Frameworks */ = {
			isa = PBXShellScriptBuildPhase;
			buildActionMask = 2147483647;
			files = (
			);
			inputFileListPaths = (
				"${PODS_ROOT}/Target Support Files/Pods-29thAssignment/Pods-29thAssignment-frameworks-${CONFIGURATION}-input-files.xcfilelist",
			);
			name = "[CP] Embed Pods Frameworks";
			outputFileListPaths = (
				"${PODS_ROOT}/Target Support Files/Pods-29thAssignment/Pods-29thAssignment-frameworks-${CONFIGURATION}-output-files.xcfilelist",
			);
			runOnlyForDeploymentPostprocessing = 0;
			shellPath = /bin/sh;
			shellScript = "\"${PODS_ROOT}/Target Support Files/Pods-29thAssignment/Pods-29thAssignment-frameworks.sh\"\n";
			showEnvVarsInLog = 0;
		};
		F42D9C813431B1AF5B3B1B4B /* [CP] Check Pods Manifest.lock */ = {
			isa = PBXShellScriptBuildPhase;
			buildActionMask = 2147483647;
			files = (
			);
			inputFileListPaths = (
			);
			inputPaths = (
				"${PODS_PODFILE_DIR_PATH}/Podfile.lock",
				"${PODS_ROOT}/Manifest.lock",
			);
			name = "[CP] Check Pods Manifest.lock";
			outputFileListPaths = (
			);
			outputPaths = (
				"$(DERIVED_FILE_DIR)/Pods-29thAssignment-checkManifestLockResult.txt",
			);
			runOnlyForDeploymentPostprocessing = 0;
			shellPath = /bin/sh;
			shellScript = "diff \"${PODS_PODFILE_DIR_PATH}/Podfile.lock\" \"${PODS_ROOT}/Manifest.lock\" > /dev/null\nif [ $? != 0 ] ; then\n    # print error to STDERR\n    echo \"error: The sandbox is not in sync with the Podfile.lock. Run 'pod install' or update your CocoaPods installation.\" >&2\n    exit 1\nfi\n# This output is used by Xcode 'outputs' to avoid re-running this script phase.\necho \"SUCCESS\" > \"${SCRIPT_OUTPUT_FILE_0}\"\n";
			showEnvVarsInLog = 0;
		};
/* End PBXShellScriptBuildPhase section */

/* Begin PBXSourcesBuildPhase section */
		BDBD59152709E6BC00AC85BF /* Sources */ = {
			isa = PBXSourcesBuildPhase;
			buildActionMask = 2147483647;
			files = (
				BD722C9127107C0F00B9CC56 /* CommonTextField.swift in Sources */,
				BD5658E42733FEE900EE57DD /* Feed.swift in Sources */,
				BDBD59412709E9A400AC85BF /* UIView+Extension.swift in Sources */,
				BD683640271DC82A00C24BB6 /* BaseTabBarController.swift in Sources */,
				BD722C8D271079AB00B9CC56 /* String+Extension.swift in Sources */,
				BDBD59482709EE1F00AC85BF /* GoogleSignUpViewController.swift in Sources */,
				BDE4BBDC2725AC2C00E02B38 /* Reusable+NibLoadable.swift in Sources */,
				BDBD594C2709EE3300AC85BF /* GoogleConfirmViewController.swift in Sources */,
				BD683644271DC83E00C24BB6 /* ShortsViewController.swift in Sources */,
				BDCB592C2730F01E00EEDDF9 /* UICollectionViewCell+Extension.swift in Sources */,
				BD60EE76271C818A0051AF67 /* UIScreen+Extension.swift in Sources */,
				BDBD5955270AB68A00AC85BF /* UIStackView+Extension.swift in Sources */,
				BDFBB32A2715731000271907 /* PaddingLabel.swift in Sources */,
				BD5658DF2733F7BB00EE57DD /* FeedCollectionViewCell.swift in Sources */,
				BD68364A271DC85700C24BB6 /* LibraryViewController.swift in Sources */,
				BDBD593D2709E8B000AC85BF /* TempService.swift in Sources */,
				BD8C2F4F272640F000AB9342 /* UICollectionView+Extension.swift in Sources */,
				BDFBB32F271573E700271907 /* TextFieldGenerator.swift in Sources */,
				BDFBB3282715661A00271907 /* UIButton+Extension.swift in Sources */,
				BD683646271DC84500C24BB6 /* PlusViewController.swift in Sources */,
				BDCB59222730EDBF00EEDDF9 /* CategoryCollectionViewCell.swift in Sources */,
				BD5658E22733FE9F00EE57DD /* Channel.swift in Sources */,
				BD722C932710819200B9CC56 /* UITextField+Extension.swift in Sources */,
				BDCB592A2730EEAF00EEDDF9 /* UITableViewCell+Extension.swift in Sources */,
				BDFBB32C271573BC00271907 /* BaeminStyleTextField.swift in Sources */,
				BD683642271DC83800C24BB6 /* HomeViewController.swift in Sources */,
				BD68364D271DC88700C24BB6 /* Const.swift in Sources */,
				BDF3E86E27204AB9000BFA1C /* Font.swift in Sources */,
				BDBD591D2709E6BC00AC85BF /* AppDelegate.swift in Sources */,
				BD1182F82725AF60002B0BFF /* UITableView+Extension.swift in Sources */,
				BD683648271DC84F00C24BB6 /* SubscriptionViewController.swift in Sources */,
				BD8C2F522726422F00AB9342 /* ChannelCollectionViewCell.swift in Sources */,
				BDBD594A2709EE2800AC85BF /* GoogleSignInViewController.swift in Sources */,
				BDBD591F2709E6BC00AC85BF /* SceneDelegate.swift in Sources */,
				BD747CD527114979007B5274 /* CommonAuthView.swift in Sources */,
			);
			runOnlyForDeploymentPostprocessing = 0;
		};
/* End PBXSourcesBuildPhase section */

/* Begin PBXVariantGroup section */
		BDBD59272709E6BD00AC85BF /* LaunchScreen.storyboard */ = {
			isa = PBXVariantGroup;
			children = (
				BDBD59282709E6BD00AC85BF /* Base */,
			);
			name = LaunchScreen.storyboard;
			sourceTree = "<group>";
		};
/* End PBXVariantGroup section */

/* Begin XCBuildConfiguration section */
		BDBD592B2709E6BD00AC85BF /* Debug */ = {
			isa = XCBuildConfiguration;
			buildSettings = {
				ALWAYS_SEARCH_USER_PATHS = NO;
				CLANG_ANALYZER_NONNULL = YES;
				CLANG_ANALYZER_NUMBER_OBJECT_CONVERSION = YES_AGGRESSIVE;
				CLANG_CXX_LANGUAGE_STANDARD = "gnu++14";
				CLANG_CXX_LIBRARY = "libc++";
				CLANG_ENABLE_MODULES = YES;
				CLANG_ENABLE_OBJC_ARC = YES;
				CLANG_ENABLE_OBJC_WEAK = YES;
				CLANG_WARN_BLOCK_CAPTURE_AUTORELEASING = YES;
				CLANG_WARN_BOOL_CONVERSION = YES;
				CLANG_WARN_COMMA = YES;
				CLANG_WARN_CONSTANT_CONVERSION = YES;
				CLANG_WARN_DEPRECATED_OBJC_IMPLEMENTATIONS = YES;
				CLANG_WARN_DIRECT_OBJC_ISA_USAGE = YES_ERROR;
				CLANG_WARN_DOCUMENTATION_COMMENTS = YES;
				CLANG_WARN_EMPTY_BODY = YES;
				CLANG_WARN_ENUM_CONVERSION = YES;
				CLANG_WARN_INFINITE_RECURSION = YES;
				CLANG_WARN_INT_CONVERSION = YES;
				CLANG_WARN_NON_LITERAL_NULL_CONVERSION = YES;
				CLANG_WARN_OBJC_IMPLICIT_RETAIN_SELF = YES;
				CLANG_WARN_OBJC_LITERAL_CONVERSION = YES;
				CLANG_WARN_OBJC_ROOT_CLASS = YES_ERROR;
				CLANG_WARN_QUOTED_INCLUDE_IN_FRAMEWORK_HEADER = YES;
				CLANG_WARN_RANGE_LOOP_ANALYSIS = YES;
				CLANG_WARN_STRICT_PROTOTYPES = YES;
				CLANG_WARN_SUSPICIOUS_MOVE = YES;
				CLANG_WARN_UNGUARDED_AVAILABILITY = YES_AGGRESSIVE;
				CLANG_WARN_UNREACHABLE_CODE = YES;
				CLANG_WARN__DUPLICATE_METHOD_MATCH = YES;
				COPY_PHASE_STRIP = NO;
				DEBUG_INFORMATION_FORMAT = dwarf;
				ENABLE_STRICT_OBJC_MSGSEND = YES;
				ENABLE_TESTABILITY = YES;
				GCC_C_LANGUAGE_STANDARD = gnu11;
				GCC_DYNAMIC_NO_PIC = NO;
				GCC_NO_COMMON_BLOCKS = YES;
				GCC_OPTIMIZATION_LEVEL = 0;
				GCC_PREPROCESSOR_DEFINITIONS = (
					"DEBUG=1",
					"$(inherited)",
				);
				GCC_WARN_64_TO_32_BIT_CONVERSION = YES;
				GCC_WARN_ABOUT_RETURN_TYPE = YES_ERROR;
				GCC_WARN_UNDECLARED_SELECTOR = YES;
				GCC_WARN_UNINITIALIZED_AUTOS = YES_AGGRESSIVE;
				GCC_WARN_UNUSED_FUNCTION = YES;
				GCC_WARN_UNUSED_VARIABLE = YES;
				IPHONEOS_DEPLOYMENT_TARGET = 14.5;
				MTL_ENABLE_DEBUG_INFO = INCLUDE_SOURCE;
				MTL_FAST_MATH = YES;
				ONLY_ACTIVE_ARCH = YES;
				SDKROOT = iphoneos;
				SWIFT_ACTIVE_COMPILATION_CONDITIONS = DEBUG;
				SWIFT_OPTIMIZATION_LEVEL = "-Onone";
			};
			name = Debug;
		};
		BDBD592C2709E6BD00AC85BF /* Release */ = {
			isa = XCBuildConfiguration;
			buildSettings = {
				ALWAYS_SEARCH_USER_PATHS = NO;
				CLANG_ANALYZER_NONNULL = YES;
				CLANG_ANALYZER_NUMBER_OBJECT_CONVERSION = YES_AGGRESSIVE;
				CLANG_CXX_LANGUAGE_STANDARD = "gnu++14";
				CLANG_CXX_LIBRARY = "libc++";
				CLANG_ENABLE_MODULES = YES;
				CLANG_ENABLE_OBJC_ARC = YES;
				CLANG_ENABLE_OBJC_WEAK = YES;
				CLANG_WARN_BLOCK_CAPTURE_AUTORELEASING = YES;
				CLANG_WARN_BOOL_CONVERSION = YES;
				CLANG_WARN_COMMA = YES;
				CLANG_WARN_CONSTANT_CONVERSION = YES;
				CLANG_WARN_DEPRECATED_OBJC_IMPLEMENTATIONS = YES;
				CLANG_WARN_DIRECT_OBJC_ISA_USAGE = YES_ERROR;
				CLANG_WARN_DOCUMENTATION_COMMENTS = YES;
				CLANG_WARN_EMPTY_BODY = YES;
				CLANG_WARN_ENUM_CONVERSION = YES;
				CLANG_WARN_INFINITE_RECURSION = YES;
				CLANG_WARN_INT_CONVERSION = YES;
				CLANG_WARN_NON_LITERAL_NULL_CONVERSION = YES;
				CLANG_WARN_OBJC_IMPLICIT_RETAIN_SELF = YES;
				CLANG_WARN_OBJC_LITERAL_CONVERSION = YES;
				CLANG_WARN_OBJC_ROOT_CLASS = YES_ERROR;
				CLANG_WARN_QUOTED_INCLUDE_IN_FRAMEWORK_HEADER = YES;
				CLANG_WARN_RANGE_LOOP_ANALYSIS = YES;
				CLANG_WARN_STRICT_PROTOTYPES = YES;
				CLANG_WARN_SUSPICIOUS_MOVE = YES;
				CLANG_WARN_UNGUARDED_AVAILABILITY = YES_AGGRESSIVE;
				CLANG_WARN_UNREACHABLE_CODE = YES;
				CLANG_WARN__DUPLICATE_METHOD_MATCH = YES;
				COPY_PHASE_STRIP = NO;
				DEBUG_INFORMATION_FORMAT = "dwarf-with-dsym";
				ENABLE_NS_ASSERTIONS = NO;
				ENABLE_STRICT_OBJC_MSGSEND = YES;
				GCC_C_LANGUAGE_STANDARD = gnu11;
				GCC_NO_COMMON_BLOCKS = YES;
				GCC_WARN_64_TO_32_BIT_CONVERSION = YES;
				GCC_WARN_ABOUT_RETURN_TYPE = YES_ERROR;
				GCC_WARN_UNDECLARED_SELECTOR = YES;
				GCC_WARN_UNINITIALIZED_AUTOS = YES_AGGRESSIVE;
				GCC_WARN_UNUSED_FUNCTION = YES;
				GCC_WARN_UNUSED_VARIABLE = YES;
				IPHONEOS_DEPLOYMENT_TARGET = 14.5;
				MTL_ENABLE_DEBUG_INFO = NO;
				MTL_FAST_MATH = YES;
				SDKROOT = iphoneos;
				SWIFT_COMPILATION_MODE = wholemodule;
				SWIFT_OPTIMIZATION_LEVEL = "-O";
				VALIDATE_PRODUCT = YES;
			};
			name = Release;
		};
		BDBD592E2709E6BD00AC85BF /* Debug */ = {
			isa = XCBuildConfiguration;
			baseConfigurationReference = 54BA1FA15543D69D3BC17F27 /* Pods-29thAssignment.debug.xcconfig */;
			buildSettings = {
				ASSETCATALOG_COMPILER_APPICON_NAME = AppIcon;
				ASSETCATALOG_COMPILER_GLOBAL_ACCENT_COLOR_NAME = AccentColor;
				CODE_SIGN_STYLE = Automatic;
				DEVELOPMENT_TEAM = W895YM7ZMH;
				INFOPLIST_FILE = "29thAssignment/Supporting Files/Info.plist";
				LD_RUNPATH_SEARCH_PATHS = (
					"$(inherited)",
					"@executable_path/Frameworks",
				);
				PRODUCT_BUNDLE_IDENTIFIER = com.taekki.dev.29thAssignment;
				PRODUCT_NAME = "$(TARGET_NAME)";
				SWIFT_VERSION = 5.0;
				TARGETED_DEVICE_FAMILY = "1,2";
			};
			name = Debug;
		};
		BDBD592F2709E6BD00AC85BF /* Release */ = {
			isa = XCBuildConfiguration;
			baseConfigurationReference = 60AD10953D1F44D454BF7786 /* Pods-29thAssignment.release.xcconfig */;
			buildSettings = {
				ASSETCATALOG_COMPILER_APPICON_NAME = AppIcon;
				ASSETCATALOG_COMPILER_GLOBAL_ACCENT_COLOR_NAME = AccentColor;
				CODE_SIGN_STYLE = Automatic;
				DEVELOPMENT_TEAM = W895YM7ZMH;
				INFOPLIST_FILE = "29thAssignment/Supporting Files/Info.plist";
				LD_RUNPATH_SEARCH_PATHS = (
					"$(inherited)",
					"@executable_path/Frameworks",
				);
				PRODUCT_BUNDLE_IDENTIFIER = com.taekki.dev.29thAssignment;
				PRODUCT_NAME = "$(TARGET_NAME)";
				SWIFT_VERSION = 5.0;
				TARGETED_DEVICE_FAMILY = "1,2";
			};
			name = Release;
		};
/* End XCBuildConfiguration section */

/* Begin XCConfigurationList section */
		BDBD59142709E6BC00AC85BF /* Build configuration list for PBXProject "29thAssignment" */ = {
			isa = XCConfigurationList;
			buildConfigurations = (
				BDBD592B2709E6BD00AC85BF /* Debug */,
				BDBD592C2709E6BD00AC85BF /* Release */,
			);
			defaultConfigurationIsVisible = 0;
			defaultConfigurationName = Release;
		};
		BDBD592D2709E6BD00AC85BF /* Build configuration list for PBXNativeTarget "29thAssignment" */ = {
			isa = XCConfigurationList;
			buildConfigurations = (
				BDBD592E2709E6BD00AC85BF /* Debug */,
				BDBD592F2709E6BD00AC85BF /* Release */,
			);
			defaultConfigurationIsVisible = 0;
			defaultConfigurationName = Release;
		};
/* End XCConfigurationList section */
	};
	rootObject = BDBD59112709E6BC00AC85BF /* Project object */;
}
