PODS:
  - SnapKit (5.0.1)
  - Then (2.7.0)

DEPENDENCIES:
  - SnapKit
  - Then

SPEC REPOS:
  trunk:
    - SnapKit
    - Then

SPEC CHECKSUMS:
  SnapKit: 97b92857e3df3a0c71833cce143274bf6ef8e5eb
  Then: acfe0be7e98221c6204e12f8161459606d5d822d

PODFILE CHECKSUM: 25dd9481aa4419e748a3d9f93f0c8b8cae1a0bdc

COCOAPODS: 1.10.0
