// !$*UTF8*$!
{
	archiveVersion = 1;
	classes = {
	};
	objectVersion = 55;
	objects = {

/* Begin PBXBuildFile section */
		BD61A6AB276DAAFE00C516A0 /* AppDelegate.swift in Sources */ = {isa = PBXBuildFile; fileRef = BD61A6AA276DAAFE00C516A0 /* AppDelegate.swift */; };
		BD61A6AD276DAAFE00C516A0 /* SceneDelegate.swift in Sources */ = {isa = PBXBuildFile; fileRef = BD61A6AC276DAAFE00C516A0 /* SceneDelegate.swift */; };
		BD61A6AF276DAAFE00C516A0 /* ViewController.swift in Sources */ = {isa = PBXBuildFile; fileRef = BD61A6AE276DAAFE00C516A0 /* ViewController.swift */; };
		BD61A6B2276DAAFE00C516A0 /* Main.storyboard in Resources */ = {isa = PBXBuildFile; fileRef = BD61A6B0276DAAFE00C516A0 /* Main.storyboard */; };
		BD61A6B4276DAB0000C516A0 /* Assets.xcassets in Resources */ = {isa = PBXBuildFile; fileRef = BD61A6B3276DAB0000C516A0 /* Assets.xcassets */; };
		BD61A6B7276DAB0000C516A0 /* LaunchScreen.storyboard in Resources */ = {isa = PBXBuildFile; fileRef = BD61A6B5276DAB0000C516A0 /* LaunchScreen.storyboard */; };
		BD61A6C0276DB03E00C516A0 /* Lottie in Frameworks */ = {isa = PBXBuildFile; productRef = BD61A6BF276DB03E00C516A0 /* Lottie */; };
/* End PBXBuildFile section */

/* Begin PBXFileReference section */
		BD61A6A7276DAAFE00C516A0 /* 29thSeminar8.app */ = {isa = PBXFileReference; explicitFileType = wrapper.application; includeInIndex = 0; path = 29thSeminar8.app; sourceTree = BUILT_PRODUCTS_DIR; };
		BD61A6AA276DAAFE00C516A0 /* AppDelegate.swift */ = {isa = PBXFileReference; lastKnownFileType = sourcecode.swift; path = AppDelegate.swift; sourceTree = "<group>"; };
		BD61A6AC276DAAFE00C516A0 /* SceneDelegate.swift */ = {isa = PBXFileReference; lastKnownFileType = sourcecode.swift; path = SceneDelegate.swift; sourceTree = "<group>"; };
		BD61A6AE276DAAFE00C516A0 /* ViewController.swift */ = {isa = PBXFileReference; lastKnownFileType = sourcecode.swift; path = ViewController.swift; sourceTree = "<group>"; };
		BD61A6B1276DAAFE00C516A0 /* Base */ = {isa = PBXFileReference; lastKnownFileType = file.storyboard; name = Base; path = Base.lproj/Main.storyboard; sourceTree = "<group>"; };
		BD61A6B3276DAB0000C516A0 /* Assets.xcassets */ = {isa = PBXFileReference; lastKnownFileType = folder.assetcatalog; path = Assets.xcassets; sourceTree = "<group>"; };
		BD61A6B6276DAB0000C516A0 /* Base */ = {isa = PBXFileReference; lastKnownFileType = file.storyboard; name = Base; path = Base.lproj/LaunchScreen.storyboard; sourceTree = "<group>"; };
		BD61A6B8276DAB0000C516A0 /* Info.plist */ = {isa = PBXFileReference; lastKnownFileType = text.plist.xml; path = Info.plist; sourceTree = "<group>"; };
/* End PBXFileReference section */

/* Begin PBXFrameworksBuildPhase section */
		BD61A6A4276DAAFE00C516A0 /* Frameworks */ = {
			isa = PBXFrameworksBuildPhase;
			buildActionMask = 2147483647;
			files = (
				BD61A6C0276DB03E00C516A0 /* Lottie in Frameworks */,
			);
			runOnlyForDeploymentPostprocessing = 0;
		};
/* End PBXFrameworksBuildPhase section */

/* Begin PBXGroup section */
		BD61A69E276DAAFE00C516A0 = {
			isa = PBXGroup;
			children = (
				BD61A6A9276DAAFE00C516A0 /* 29thSeminar8 */,
				BD61A6A8276DAAFE00C516A0 /* Products */,
			);
			sourceTree = "<group>";
		};
		BD61A6A8276DAAFE00C516A0 /* Products */ = {
			isa = PBXGroup;
			children = (
				BD61A6A7276DAAFE00C516A0 /* 29thSeminar8.app */,
			);
			name = Products;
			sourceTree = "<group>";
		};
		BD61A6A9276DAAFE00C516A0 /* 29thSeminar8 */ = {
			isa = PBXGroup;
			children = (
				BD61A6AA276DAAFE00C516A0 /* AppDelegate.swift */,
				BD61A6AC276DAAFE00C516A0 /* SceneDelegate.swift */,
				BD61A6AE276DAAFE00C516A0 /* ViewController.swift */,
				BD61A6B0276DAAFE00C516A0 /* Main.storyboard */,
				BD61A6B3276DAB0000C516A0 /* Assets.xcassets */,
				BD61A6B5276DAB0000C516A0 /* LaunchScreen.storyboard */,
				BD61A6B8276DAB0000C516A0 /* Info.plist */,
			);
			path = 29thSeminar8;
			sourceTree = "<group>";
		};
/* End PBXGroup section */

/* Begin PBXNativeTarget section */
		BD61A6A6276DAAFE00C516A0 /* 29thSeminar8 */ = {
			isa = PBXNativeTarget;
			buildConfigurationList = BD61A6BB276DAB0000C516A0 /* Build configuration list for PBXNativeTarget "29thSeminar8" */;
			buildPhases = (
				BD61A6A3276DAAFE00C516A0 /* Sources */,
				BD61A6A4276DAAFE00C516A0 /* Frameworks */,
				BD61A6A5276DAAFE00C516A0 /* Resources */,
			);
			buildRules = (
			);
			dependencies = (
			);
			name = 29thSeminar8;
			packageProductDependencies = (
				BD61A6BF276DB03E00C516A0 /* Lottie */,
			);
			productName = 29thSeminar8;
			productReference = BD61A6A7276DAAFE00C516A0 /* 29thSeminar8.app */;
			productType = "com.apple.product-type.application";
		};
/* End PBXNativeTarget section */

/* Begin PBXProject section */
		BD61A69F276DAAFE00C516A0 /* Project object */ = {
			isa = PBXProject;
			attributes = {
				BuildIndependentTargetsInParallel = 1;
				LastSwiftUpdateCheck = 1310;
				LastUpgradeCheck = 1310;
				TargetAttributes = {
					BD61A6A6276DAAFE00C516A0 = {
						CreatedOnToolsVersion = 13.1;
					};
				};
			};
			buildConfigurationList = BD61A6A2276DAAFE00C516A0 /* Build configuration list for PBXProject "29thSeminar8" */;
			compatibilityVersion = "Xcode 13.0";
			developmentRegion = en;
			hasScannedForEncodings = 0;
			knownRegions = (
				en,
				Base,
			);
			mainGroup = BD61A69E276DAAFE00C516A0;
			packageReferences = (
				BD61A6BE276DB03E00C516A0 /* XCRemoteSwiftPackageReference "lottie-ios" */,
			);
			productRefGroup = BD61A6A8276DAAFE00C516A0 /* Products */;
			projectDirPath = "";
			projectRoot = "";
			targets = (
				BD61A6A6276DAAFE00C516A0 /* 29thSeminar8 */,
			);
		};
/* End PBXProject section */

/* Begin PBXResourcesBuildPhase section */
		BD61A6A5276DAAFE00C516A0 /* Resources */ = {
			isa = PBXResourcesBuildPhase;
			buildActionMask = 2147483647;
			files = (
				BD61A6B7276DAB0000C516A0 /* LaunchScreen.storyboard in Resources */,
				BD61A6B4276DAB0000C516A0 /* Assets.xcassets in Resources */,
				BD61A6B2276DAAFE00C516A0 /* Main.storyboard in Resources */,
			);
			runOnlyForDeploymentPostprocessing = 0;
		};
/* End PBXResourcesBuildPhase section */

/* Begin PBXSourcesBuildPhase section */
		BD61A6A3276DAAFE00C516A0 /* Sources */ = {
			isa = PBXSourcesBuildPhase;
			buildActionMask = 2147483647;
			files = (
				BD61A6AF276DAAFE00C516A0 /* ViewController.swift in Sources */,
				BD61A6AB276DAAFE00C516A0 /* AppDelegate.swift in Sources */,
				BD61A6AD276DAAFE00C516A0 /* SceneDelegate.swift in Sources */,
			);
			runOnlyForDeploymentPostprocessing = 0;
		};
/* End PBXSourcesBuildPhase section */

/* Begin PBXVariantGroup section */
		BD61A6B0276DAAFE00C516A0 /* Main.storyboard */ = {
			isa = PBXVariantGroup;
			children = (
				BD61A6B1276DAAFE00C516A0 /* Base */,
			);
			name = Main.storyboard;
			sourceTree = "<group>";
		};
		BD61A6B5276DAB0000C516A0 /* LaunchScreen.storyboard */ = {
			isa = PBXVariantGroup;
			children = (
				BD61A6B6276DAB0000C516A0 /* Base */,
			);
			name = LaunchScreen.storyboard;
			sourceTree = "<group>";
		};
/* End PBXVariantGroup section */

/* Begin XCBuildConfiguration section */
		BD61A6B9276DAB0000C516A0 /* Debug */ = {
			isa = XCBuildConfiguration;
			buildSettings = {
				ALWAYS_SEARCH_USER_PATHS = NO;
				CLANG_ANALYZER_NONNULL = YES;
				CLANG_ANALYZER_NUMBER_OBJECT_CONVERSION = YES_AGGRESSIVE;
				CLANG_CXX_LANGUAGE_STANDARD = "gnu++17";
				CLANG_CXX_LIBRARY = "libc++";
				CLANG_ENABLE_MODULES = YES;
				CLANG_ENABLE_OBJC_ARC = YES;
				CLANG_ENABLE_OBJC_WEAK = YES;
				CLANG_WARN_BLOCK_CAPTURE_AUTORELEASING = YES;
				CLANG_WARN_BOOL_CONVERSION = YES;
				CLANG_WARN_COMMA = YES;
				CLANG_WARN_CONSTANT_CONVERSION = YES;
				CLANG_WARN_DEPRECATED_OBJC_IMPLEMENTATIONS = YES;
				CLANG_WARN_DIRECT_OBJC_ISA_USAGE = YES_ERROR;
				CLANG_WARN_DOCUMENTATION_COMMENTS = YES;
				CLANG_WARN_EMPTY_BODY = YES;
				CLANG_WARN_ENUM_CONVERSION = YES;
				CLANG_WARN_INFINITE_RECURSION = YES;
				CLANG_WARN_INT_CONVERSION = YES;
				CLANG_WARN_NON_LITERAL_NULL_CONVERSION = YES;
				CLANG_WARN_OBJC_IMPLICIT_RETAIN_SELF = YES;
				CLANG_WARN_OBJC_LITERAL_CONVERSION = YES;
				CLANG_WARN_OBJC_ROOT_CLASS = YES_ERROR;
				CLANG_WARN_QUOTED_INCLUDE_IN_FRAMEWORK_HEADER = YES;
				CLANG_WARN_RANGE_LOOP_ANALYSIS = YES;
				CLANG_WARN_STRICT_PROTOTYPES = YES;
				CLANG_WARN_SUSPICIOUS_MOVE = YES;
				CLANG_WARN_UNGUARDED_AVAILABILITY = YES_AGGRESSIVE;
				CLANG_WARN_UNREACHABLE_CODE = YES;
				CLANG_WARN__DUPLICATE_METHOD_MATCH = YES;
				COPY_PHASE_STRIP = NO;
				DEBUG_INFORMATION_FORMAT = dwarf;
				ENABLE_STRICT_OBJC_MSGSEND = YES;
				ENABLE_TESTABILITY = YES;
				GCC_C_LANGUAGE_STANDARD = gnu11;
				GCC_DYNAMIC_NO_PIC = NO;
				GCC_NO_COMMON_BLOCKS = YES;
				GCC_OPTIMIZATION_LEVEL = 0;
				GCC_PREPROCESSOR_DEFINITIONS = (
					"DEBUG=1",
					"$(inherited)",
				);
				GCC_WARN_64_TO_32_BIT_CONVERSION = YES;
				GCC_WARN_ABOUT_RETURN_TYPE = YES_ERROR;
				GCC_WARN_UNDECLARED_SELECTOR = YES;
				GCC_WARN_UNINITIALIZED_AUTOS = YES_AGGRESSIVE;
				GCC_WARN_UNUSED_FUNCTION = YES;
				GCC_WARN_UNUSED_VARIABLE = YES;
				IPHONEOS_DEPLOYMENT_TARGET = 15.0;
				MTL_ENABLE_DEBUG_INFO = INCLUDE_SOURCE;
				MTL_FAST_MATH = YES;
				ONLY_ACTIVE_ARCH = YES;
				SDKROOT = iphoneos;
				SWIFT_ACTIVE_COMPILATION_CONDITIONS = DEBUG;
				SWIFT_OPTIMIZATION_LEVEL = "-Onone";
			};
			name = Debug;
		};
		BD61A6BA276DAB0000C516A0 /* Release */ = {
			isa = XCBuildConfiguration;
			buildSettings = {
				ALWAYS_SEARCH_USER_PATHS = NO;
				CLANG_ANALYZER_NONNULL = YES;
				CLANG_ANALYZER_NUMBER_OBJECT_CONVERSION = YES_AGGRESSIVE;
				CLANG_CXX_LANGUAGE_STANDARD = "gnu++17";
				CLANG_CXX_LIBRARY = "libc++";
				CLANG_ENABLE_MODULES = YES;
				CLANG_ENABLE_OBJC_ARC = YES;
				CLANG_ENABLE_OBJC_WEAK = YES;
				CLANG_WARN_BLOCK_CAPTURE_AUTORELEASING = YES;
				CLANG_WARN_BOOL_CONVERSION = YES;
				CLANG_WARN_COMMA = YES;
				CLANG_WARN_CONSTANT_CONVERSION = YES;
				CLANG_WARN_DEPRECATED_OBJC_IMPLEMENTATIONS = YES;
				CLANG_WARN_DIRECT_OBJC_ISA_USAGE = YES_ERROR;
				CLANG_WARN_DOCUMENTATION_COMMENTS = YES;
				CLANG_WARN_EMPTY_BODY = YES;
				CLANG_WARN_ENUM_CONVERSION = YES;
				CLANG_WARN_INFINITE_RECURSION = YES;
				CLANG_WARN_INT_CONVERSION = YES;
				CLANG_WARN_NON_LITERAL_NULL_CONVERSION = YES;
				CLANG_WARN_OBJC_IMPLICIT_RETAIN_SELF = YES;
				CLANG_WARN_OBJC_LITERAL_CONVERSION = YES;
				CLANG_WARN_OBJC_ROOT_CLASS = YES_ERROR;
				CLANG_WARN_QUOTED_INCLUDE_IN_FRAMEWORK_HEADER = YES;
				CLANG_WARN_RANGE_LOOP_ANALYSIS = YES;
				CLANG_WARN_STRICT_PROTOTYPES = YES;
				CLANG_WARN_SUSPICIOUS_MOVE = YES;
				CLANG_WARN_UNGUARDED_AVAILABILITY = YES_AGGRESSIVE;
				CLANG_WARN_UNREACHABLE_CODE = YES;
				CLANG_WARN__DUPLICATE_METHOD_MATCH = YES;
				COPY_PHASE_STRIP = NO;
				DEBUG_INFORMATION_FORMAT = "dwarf-with-dsym";
				ENABLE_NS_ASSERTIONS = NO;
				ENABLE_STRICT_OBJC_MSGSEND = YES;
				GCC_C_LANGUAGE_STANDARD = gnu11;
				GCC_NO_COMMON_BLOCKS = YES;
				GCC_WARN_64_TO_32_BIT_CONVERSION = YES;
				GCC_WARN_ABOUT_RETURN_TYPE = YES_ERROR;
				GCC_WARN_UNDECLARED_SELECTOR = YES;
				GCC_WARN_UNINITIALIZED_AUTOS = YES_AGGRESSIVE;
				GCC_WARN_UNUSED_FUNCTION = YES;
				GCC_WARN_UNUSED_VARIABLE = YES;
				IPHONEOS_DEPLOYMENT_TARGET = 15.0;
				MTL_ENABLE_DEBUG_INFO = NO;
				MTL_FAST_MATH = YES;
				SDKROOT = iphoneos;
				SWIFT_COMPILATION_MODE = wholemodule;
				SWIFT_OPTIMIZATION_LEVEL = "-O";
				VALIDATE_PRODUCT = YES;
			};
			name = Release;
		};
		BD61A6BC276DAB0000C516A0 /* Debug */ = {
			isa = XCBuildConfiguration;
			buildSettings = {
				ASSETCATALOG_COMPILER_APPICON_NAME = AppIcon;
				ASSETCATALOG_COMPILER_GLOBAL_ACCENT_COLOR_NAME = AccentColor;
				CODE_SIGN_STYLE = Automatic;
				CURRENT_PROJECT_VERSION = 1;
				DEVELOPMENT_TEAM = W895YM7ZMH;
				GENERATE_INFOPLIST_FILE = YES;
				INFOPLIST_FILE = 29thSeminar8/Info.plist;
				INFOPLIST_KEY_UIApplicationSupportsIndirectInputEvents = YES;
				INFOPLIST_KEY_UILaunchStoryboardName = LaunchScreen;
				INFOPLIST_KEY_UIMainStoryboardFile = Main;
				INFOPLIST_KEY_UISupportedInterfaceOrientations_iPad = "UIInterfaceOrientationPortrait UIInterfaceOrientationPortraitUpsideDown UIInterfaceOrientationLandscapeLeft UIInterfaceOrientationLandscapeRight";
				INFOPLIST_KEY_UISupportedInterfaceOrientations_iPhone = "UIInterfaceOrientationPortrait UIInterfaceOrientationLandscapeLeft UIInterfaceOrientationLandscapeRight";
				LD_RUNPATH_SEARCH_PATHS = (
					"$(inherited)",
					"@executable_path/Frameworks",
				);
				MARKETING_VERSION = 1.0;
				PRODUCT_BUNDLE_IDENTIFIER = "com.soptcorp.-9thSeminar8";
				PRODUCT_NAME = "$(TARGET_NAME)";
				SWIFT_EMIT_LOC_STRINGS = YES;
				SWIFT_VERSION = 5.0;
				TARGETED_DEVICE_FAMILY = "1,2";
			};
			name = Debug;
		};
		BD61A6BD276DAB0000C516A0 /* Release */ = {
			isa = XCBuildConfiguration;
			buildSettings = {
				ASSETCATALOG_COMPILER_APPICON_NAME = AppIcon;
				ASSETCATALOG_COMPILER_GLOBAL_ACCENT_COLOR_NAME = AccentColor;
				CODE_SIGN_STYLE = Automatic;
				CURRENT_PROJECT_VERSION = 1;
				DEVELOPMENT_TEAM = W895YM7ZMH;
				GENERATE_INFOPLIST_FILE = YES;
				INFOPLIST_FILE = 29thSeminar8/Info.plist;
				INFOPLIST_KEY_UIApplicationSupportsIndirectInputEvents = YES;
				INFOPLIST_KEY_UILaunchStoryboardName = LaunchScreen;
				INFOPLIST_KEY_UIMainStoryboardFile = Main;
				INFOPLIST_KEY_UISupportedInterfaceOrientations_iPad = "UIInterfaceOrientationPortrait UIInterfaceOrientationPortraitUpsideDown UIInterfaceOrientationLandscapeLeft UIInterfaceOrientationLandscapeRight";
				INFOPLIST_KEY_UISupportedInterfaceOrientations_iPhone = "UIInterfaceOrientationPortrait UIInterfaceOrientationLandscapeLeft UIInterfaceOrientationLandscapeRight";
				LD_RUNPATH_SEARCH_PATHS = (
					"$(inherited)",
					"@executable_path/Frameworks",
				);
				MARKETING_VERSION = 1.0;
				PRODUCT_BUNDLE_IDENTIFIER = "com.soptcorp.-9thSeminar8";
				PRODUCT_NAME = "$(TARGET_NAME)";
				SWIFT_EMIT_LOC_STRINGS = YES;
				SWIFT_VERSION = 5.0;
				TARGETED_DEVICE_FAMILY = "1,2";
			};
			name = Release;
		};
/* End XCBuildConfiguration section */

/* Begin XCConfigurationList section */
		BD61A6A2276DAAFE00C516A0 /* Build configuration list for PBXProject "29thSeminar8" */ = {
			isa = XCConfigurationList;
			buildConfigurations = (
				BD61A6B9276DAB0000C516A0 /* Debug */,
				BD61A6BA276DAB0000C516A0 /* Release */,
			);
			defaultConfigurationIsVisible = 0;
			defaultConfigurationName = Release;
		};
		BD61A6BB276DAB0000C516A0 /* Build configuration list for PBXNativeTarget "29thSeminar8" */ = {
			isa = XCConfigurationList;
			buildConfigurations = (
				BD61A6BC276DAB0000C516A0 /* Debug */,
				BD61A6BD276DAB0000C516A0 /* Release */,
			);
			defaultConfigurationIsVisible = 0;
			defaultConfigurationName = Release;
		};
/* End XCConfigurationList section */

/* Begin XCRemoteSwiftPackageReference section */
		BD61A6BE276DB03E00C516A0 /* XCRemoteSwiftPackageReference "lottie-ios" */ = {
			isa = XCRemoteSwiftPackageReference;
			repositoryURL = "https://github.com/airbnb/lottie-ios.git";
			requirement = {
				kind = upToNextMajorVersion;
				minimumVersion = 3.0.0;
			};
		};
/* End XCRemoteSwiftPackageReference section */

/* Begin XCSwiftPackageProductDependency section */
		BD61A6BF276DB03E00C516A0 /* Lottie */ = {
			isa = XCSwiftPackageProductDependency;
			package = BD61A6BE276DB03E00C516A0 /* XCRemoteSwiftPackageReference "lottie-ios" */;
			productName = Lottie;
		};
/* End XCSwiftPackageProductDependency section */
	};
	rootObject = BD61A69F276DAAFE00C516A0 /* Project object */;
}
